// !$*UTF8*$!
{
	archiveVersion = 1;
	classes = {
	};
	objectVersion = 50;
	objects = {

/* Begin PBXBuildFile section */
		4F85524726D16DC800FDEB3D /* task1_sample_projectApp.swift in Sources */ = {isa = PBXBuildFile; fileRef = 4F85523426D16DC700FDEB3D /* task1_sample_projectApp.swift */; };
		4F85524826D16DC800FDEB3D /* task1_sample_projectApp.swift in Sources */ = {isa = PBXBuildFile; fileRef = 4F85523426D16DC700FDEB3D /* task1_sample_projectApp.swift */; };
		4F85524926D16DC800FDEB3D /* ContentView.swift in Sources */ = {isa = PBXBuildFile; fileRef = 4F85523526D16DC700FDEB3D /* ContentView.swift */; };
		4F85524A26D16DC800FDEB3D /* ContentView.swift in Sources */ = {isa = PBXBuildFile; fileRef = 4F85523526D16DC700FDEB3D /* ContentView.swift */; };
		4F85524B26D16DC800FDEB3D /* Assets.xcassets in Resources */ = {isa = PBXBuildFile; fileRef = 4F85523626D16DC800FDEB3D /* Assets.xcassets */; };
		4F85524C26D16DC800FDEB3D /* Assets.xcassets in Resources */ = {isa = PBXBuildFile; fileRef = 4F85523626D16DC800FDEB3D /* Assets.xcassets */; };
/* End PBXBuildFile section */

/* Begin PBXFileReference section */
		4F85523426D16DC700FDEB3D /* task1_sample_projectApp.swift */ = {isa = PBXFileReference; lastKnownFileType = sourcecode.swift; path = task1_sample_projectApp.swift; sourceTree = "<group>"; };
		4F85523526D16DC700FDEB3D /* ContentView.swift */ = {isa = PBXFileReference; lastKnownFileType = sourcecode.swift; path = ContentView.swift; sourceTree = "<group>"; };
		4F85523626D16DC800FDEB3D /* Assets.xcassets */ = {isa = PBXFileReference; lastKnownFileType = folder.assetcatalog; path = Assets.xcassets; sourceTree = "<group>"; };
		4F85523B26D16DC800FDEB3D /* task1_sample_project.app */ = {isa = PBXFileReference; explicitFileType = wrapper.application; includeInIndex = 0; path = task1_sample_project.app; sourceTree = BUILT_PRODUCTS_DIR; };
		4F85523E26D16DC800FDEB3D /* Info.plist */ = {isa = PBXFileReference; lastKnownFileType = text.plist.xml; path = Info.plist; sourceTree = "<group>"; };
		4F85524326D16DC800FDEB3D /* task1_sample_project.app */ = {isa = PBXFileReference; explicitFileType = wrapper.application; includeInIndex = 0; path = task1_sample_project.app; sourceTree = BUILT_PRODUCTS_DIR; };
		4F85524526D16DC800FDEB3D /* Info.plist */ = {isa = PBXFileReference; lastKnownFileType = text.plist.xml; path = Info.plist; sourceTree = "<group>"; };
		4F85524626D16DC800FDEB3D /* macOS.entitlements */ = {isa = PBXFileReference; lastKnownFileType = text.plist.entitlements; path = macOS.entitlements; sourceTree = "<group>"; };
/* End PBXFileReference section */

/* Begin PBXFrameworksBuildPhase section */
		4F85523826D16DC800FDEB3D /* Frameworks */ = {
			isa = PBXFrameworksBuildPhase;
			buildActionMask = 2147483647;
			files = (
			);
			runOnlyForDeploymentPostprocessing = 0;
		};
		4F85524026D16DC800FDEB3D /* Frameworks */ = {
			isa = PBXFrameworksBuildPhase;
			buildActionMask = 2147483647;
			files = (
			);
			runOnlyForDeploymentPostprocessing = 0;
		};
/* End PBXFrameworksBuildPhase section */

/* Begin PBXGroup section */
		4F85522E26D16DC600FDEB3D = {
			isa = PBXGroup;
			children = (
				4F85523326D16DC700FDEB3D /* Shared */,
				4F85523D26D16DC800FDEB3D /* iOS */,
				4F85524426D16DC800FDEB3D /* macOS */,
				4F85523C26D16DC800FDEB3D /* Products */,
			);
			sourceTree = "<group>";
		};
		4F85523326D16DC700FDEB3D /* Shared */ = {
			isa = PBXGroup;
			children = (
				4F85523426D16DC700FDEB3D /* task1_sample_projectApp.swift */,
				4F85523526D16DC700FDEB3D /* ContentView.swift */,
				4F85523626D16DC800FDEB3D /* Assets.xcassets */,
			);
			path = Shared;
			sourceTree = "<group>";
		};
		4F85523C26D16DC800FDEB3D /* Products */ = {
			isa = PBXGroup;
			children = (
				4F85523B26D16DC800FDEB3D /* task1_sample_project.app */,
				4F85524326D16DC800FDEB3D /* task1_sample_project.app */,
			);
			name = Products;
			sourceTree = "<group>";
		};
		4F85523D26D16DC800FDEB3D /* iOS */ = {
			isa = PBXGroup;
			children = (
				4F85523E26D16DC800FDEB3D /* Info.plist */,
			);
			path = iOS;
			sourceTree = "<group>";
		};
		4F85524426D16DC800FDEB3D /* macOS */ = {
			isa = PBXGroup;
			children = (
				4F85524526D16DC800FDEB3D /* Info.plist */,
				4F85524626D16DC800FDEB3D /* macOS.entitlements */,
			);
			path = macOS;
			sourceTree = "<group>";
		};
/* End PBXGroup section */

/* Begin PBXNativeTarget section */
		4F85523A26D16DC800FDEB3D /* task1_sample_project (iOS) */ = {
			isa = PBXNativeTarget;
			buildConfigurationList = 4F85524F26D16DC800FDEB3D /* Build configuration list for PBXNativeTarget "task1_sample_project (iOS)" */;
			buildPhases = (
				4F85523726D16DC800FDEB3D /* Sources */,
				4F85523826D16DC800FDEB3D /* Frameworks */,
				4F85523926D16DC800FDEB3D /* Resources */,
			);
			buildRules = (
			);
			dependencies = (
			);
			name = "task1_sample_project (iOS)";
			productName = "task1_sample_project (iOS)";
			productReference = 4F85523B26D16DC800FDEB3D /* task1_sample_project.app */;
			productType = "com.apple.product-type.application";
		};
		4F85524226D16DC800FDEB3D /* task1_sample_project (macOS) */ = {
			isa = PBXNativeTarget;
			buildConfigurationList = 4F85525226D16DC800FDEB3D /* Build configuration list for PBXNativeTarget "task1_sample_project (macOS)" */;
			buildPhases = (
				4F85523F26D16DC800FDEB3D /* Sources */,
				4F85524026D16DC800FDEB3D /* Frameworks */,
				4F85524126D16DC800FDEB3D /* Resources */,
			);
			buildRules = (
			);
			dependencies = (
			);
			name = "task1_sample_project (macOS)";
			productName = "task1_sample_project (macOS)";
			productReference = 4F85524326D16DC800FDEB3D /* task1_sample_project.app */;
			productType = "com.apple.product-type.application";
		};
/* End PBXNativeTarget section */

/* Begin PBXProject section */
		4F85522F26D16DC600FDEB3D /* Project object */ = {
			isa = PBXProject;
			attributes = {
				LastSwiftUpdateCheck = 1240;
				LastUpgradeCheck = 1240;
				TargetAttributes = {
					4F85523A26D16DC800FDEB3D = {
						CreatedOnToolsVersion = 12.4;
					};
					4F85524226D16DC800FDEB3D = {
						CreatedOnToolsVersion = 12.4;
					};
				};
			};
			buildConfigurationList = 4F85523226D16DC600FDEB3D /* Build configuration list for PBXProject "task1_sample_project" */;
			compatibilityVersion = "Xcode 9.3";
			developmentRegion = en;
			hasScannedForEncodings = 0;
			knownRegions = (
				en,
				Base,
			);
			mainGroup = 4F85522E26D16DC600FDEB3D;
			productRefGroup = 4F85523C26D16DC800FDEB3D /* Products */;
			projectDirPath = "";
			projectRoot = "";
			targets = (
				4F85523A26D16DC800FDEB3D /* task1_sample_project (iOS) */,
				4F85524226D16DC800FDEB3D /* task1_sample_project (macOS) */,
			);
		};
/* End PBXProject section */

/* Begin PBXResourcesBuildPhase section */
		4F85523926D16DC800FDEB3D /* Resources */ = {
			isa = PBXResourcesBuildPhase;
			buildActionMask = 2147483647;
			files = (
				4F85524B26D16DC800FDEB3D /* Assets.xcassets in Resources */,
			);
			runOnlyForDeploymentPostprocessing = 0;
		};
		4F85524126D16DC800FDEB3D /* Resources */ = {
			isa = PBXResourcesBuildPhase;
			buildActionMask = 2147483647;
			files = (
				4F85524C26D16DC800FDEB3D /* Assets.xcassets in Resources */,
			);
			runOnlyForDeploymentPostprocessing = 0;
		};
/* End PBXResourcesBuildPhase section */

/* Begin PBXSourcesBuildPhase section */
		4F85523726D16DC800FDEB3D /* Sources */ = {
			isa = PBXSourcesBuildPhase;
			buildActionMask = 2147483647;
			files = (
				4F85524926D16DC800FDEB3D /* ContentView.swift in Sources */,
				4F85524726D16DC800FDEB3D /* task1_sample_projectApp.swift in Sources */,
			);
			runOnlyForDeploymentPostprocessing = 0;
		};
		4F85523F26D16DC800FDEB3D /* Sources */ = {
			isa = PBXSourcesBuildPhase;
			buildActionMask = 2147483647;
			files = (
				4F85524A26D16DC800FDEB3D /* ContentView.swift in Sources */,
				4F85524826D16DC800FDEB3D /* task1_sample_projectApp.swift in Sources */,
			);
			runOnlyForDeploymentPostprocessing = 0;
		};
/* End PBXSourcesBuildPhase section */

/* Begin XCBuildConfiguration section */
		4F85524D26D16DC800FDEB3D /* Debug */ = {
			isa = XCBuildConfiguration;
			buildSettings = {
				ALWAYS_SEARCH_USER_PATHS = NO;
				CLANG_ANALYZER_NONNULL = YES;
				CLANG_ANALYZER_NUMBER_OBJECT_CONVERSION = YES_AGGRESSIVE;
				CLANG_CXX_LANGUAGE_STANDARD = "gnu++14";
				CLANG_CXX_LIBRARY = "libc++";
				CLANG_ENABLE_MODULES = YES;
				CLANG_ENABLE_OBJC_ARC = YES;
				CLANG_ENABLE_OBJC_WEAK = YES;
				CLANG_WARN_BLOCK_CAPTURE_AUTORELEASING = YES;
				CLANG_WARN_BOOL_CONVERSION = YES;
				CLANG_WARN_COMMA = YES;
				CLANG_WARN_CONSTANT_CONVERSION = YES;
				CLANG_WARN_DEPRECATED_OBJC_IMPLEMENTATIONS = YES;
				CLANG_WARN_DIRECT_OBJC_ISA_USAGE = YES_ERROR;
				CLANG_WARN_DOCUMENTATION_COMMENTS = YES;
				CLANG_WARN_EMPTY_BODY = YES;
				CLANG_WARN_ENUM_CONVERSION = YES;
				CLANG_WARN_INFINITE_RECURSION = YES;
				CLANG_WARN_INT_CONVERSION = YES;
				CLANG_WARN_NON_LITERAL_NULL_CONVERSION = YES;
				CLANG_WARN_OBJC_IMPLICIT_RETAIN_SELF = YES;
				CLANG_WARN_OBJC_LITERAL_CONVERSION = YES;
				CLANG_WARN_OBJC_ROOT_CLASS = YES_ERROR;
				CLANG_WARN_QUOTED_INCLUDE_IN_FRAMEWORK_HEADER = YES;
				CLANG_WARN_RANGE_LOOP_ANALYSIS = YES;
				CLANG_WARN_STRICT_PROTOTYPES = YES;
				CLANG_WARN_SUSPICIOUS_MOVE = YES;
				CLANG_WARN_UNGUARDED_AVAILABILITY = YES_AGGRESSIVE;
				CLANG_WARN_UNREACHABLE_CODE = YES;
				CLANG_WARN__DUPLICATE_METHOD_MATCH = YES;
				COPY_PHASE_STRIP = NO;
				DEBUG_INFORMATION_FORMAT = dwarf;
				ENABLE_STRICT_OBJC_MSGSEND = YES;
				ENABLE_TESTABILITY = YES;
				GCC_C_LANGUAGE_STANDARD = gnu11;
				GCC_DYNAMIC_NO_PIC = NO;
				GCC_NO_COMMON_BLOCKS = YES;
				GCC_OPTIMIZATION_LEVEL = 0;
				GCC_PREPROCESSOR_DEFINITIONS = (
					"DEBUG=1",
					"$(inherited)",
				);
				GCC_WARN_64_TO_32_BIT_CONVERSION = YES;
				GCC_WARN_ABOUT_RETURN_TYPE = YES_ERROR;
				GCC_WARN_UNDECLARED_SELECTOR = YES;
				GCC_WARN_UNINITIALIZED_AUTOS = YES_AGGRESSIVE;
				GCC_WARN_UNUSED_FUNCTION = YES;
				GCC_WARN_UNUSED_VARIABLE = YES;
				MTL_ENABLE_DEBUG_INFO = INCLUDE_SOURCE;
				MTL_FAST_MATH = YES;
				ONLY_ACTIVE_ARCH = YES;
				SWIFT_ACTIVE_COMPILATION_CONDITIONS = DEBUG;
				SWIFT_OPTIMIZATION_LEVEL = "-Onone";
			};
			name = Debug;
		};
		4F85524E26D16DC800FDEB3D /* Release */ = {
			isa = XCBuildConfiguration;
			buildSettings = {
				ALWAYS_SEARCH_USER_PATHS = NO;
				CLANG_ANALYZER_NONNULL = YES;
				CLANG_ANALYZER_NUMBER_OBJECT_CONVERSION = YES_AGGRESSIVE;
				CLANG_CXX_LANGUAGE_STANDARD = "gnu++14";
				CLANG_CXX_LIBRARY = "libc++";
				CLANG_ENABLE_MODULES = YES;
				CLANG_ENABLE_OBJC_ARC = YES;
				CLANG_ENABLE_OBJC_WEAK = YES;
				CLANG_WARN_BLOCK_CAPTURE_AUTORELEASING = YES;
				CLANG_WARN_BOOL_CONVERSION = YES;
				CLANG_WARN_COMMA = YES;
				CLANG_WARN_CONSTANT_CONVERSION = YES;
				CLANG_WARN_DEPRECATED_OBJC_IMPLEMENTATIONS = YES;
				CLANG_WARN_DIRECT_OBJC_ISA_USAGE = YES_ERROR;
				CLANG_WARN_DOCUMENTATION_COMMENTS = YES;
				CLANG_WARN_EMPTY_BODY = YES;
				CLANG_WARN_ENUM_CONVERSION = YES;
				CLANG_WARN_INFINITE_RECURSION = YES;
				CLANG_WARN_INT_CONVERSION = YES;
				CLANG_WARN_NON_LITERAL_NULL_CONVERSION = YES;
				CLANG_WARN_OBJC_IMPLICIT_RETAIN_SELF = YES;
				CLANG_WARN_OBJC_LITERAL_CONVERSION = YES;
				CLANG_WARN_OBJC_ROOT_CLASS = YES_ERROR;
				CLANG_WARN_QUOTED_INCLUDE_IN_FRAMEWORK_HEADER = YES;
				CLANG_WARN_RANGE_LOOP_ANALYSIS = YES;
				CLANG_WARN_STRICT_PROTOTYPES = YES;
				CLANG_WARN_SUSPICIOUS_MOVE = YES;
				CLANG_WARN_UNGUARDED_AVAILABILITY = YES_AGGRESSIVE;
				CLANG_WARN_UNREACHABLE_CODE = YES;
				CLANG_WARN__DUPLICATE_METHOD_MATCH = YES;
				COPY_PHASE_STRIP = NO;
				DEBUG_INFORMATION_FORMAT = "dwarf-with-dsym";
				ENABLE_NS_ASSERTIONS = NO;
				ENABLE_STRICT_OBJC_MSGSEND = YES;
				GCC_C_LANGUAGE_STANDARD = gnu11;
				GCC_NO_COMMON_BLOCKS = YES;
				GCC_WARN_64_TO_32_BIT_CONVERSION = YES;
				GCC_WARN_ABOUT_RETURN_TYPE = YES_ERROR;
				GCC_WARN_UNDECLARED_SELECTOR = YES;
				GCC_WARN_UNINITIALIZED_AUTOS = YES_AGGRESSIVE;
				GCC_WARN_UNUSED_FUNCTION = YES;
				GCC_WARN_UNUSED_VARIABLE = YES;
				MTL_ENABLE_DEBUG_INFO = NO;
				MTL_FAST_MATH = YES;
				SWIFT_COMPILATION_MODE = wholemodule;
				SWIFT_OPTIMIZATION_LEVEL = "-O";
			};
			name = Release;
		};
		4F85525026D16DC800FDEB3D /* Debug */ = {
			isa = XCBuildConfiguration;
			buildSettings = {
				ASSETCATALOG_COMPILER_APPICON_NAME = AppIcon;
				ASSETCATALOG_COMPILER_GLOBAL_ACCENT_COLOR_NAME = AccentColor;
				CODE_SIGN_STYLE = Automatic;
				DEVELOPMENT_TEAM = TWGW3756JC;
				ENABLE_PREVIEWS = YES;
				INFOPLIST_FILE = iOS/Info.plist;
				IPHONEOS_DEPLOYMENT_TARGET = 14.0;
				LD_RUNPATH_SEARCH_PATHS = (
					"$(inherited)",
					"@executable_path/Frameworks",
				);
				PRODUCT_BUNDLE_IDENTIFIER = "com.lintSchool.course.practice.task1-sample-project";
				PRODUCT_NAME = task1_sample_project;
				SDKROOT = iphoneos;
				SWIFT_VERSION = 5.0;
				TARGETED_DEVICE_FAMILY = "1,2";
			};
			name = Debug;
		};
		4F85525126D16DC800FDEB3D /* Release */ = {
			isa = XCBuildConfiguration;
			buildSettings = {
				ASSETCATALOG_COMPILER_APPICON_NAME = AppIcon;
				ASSETCATALOG_COMPILER_GLOBAL_ACCENT_COLOR_NAME = AccentColor;
				CODE_SIGN_STYLE = Automatic;
				DEVELOPMENT_TEAM = TWGW3756JC;
				ENABLE_PREVIEWS = YES;
				INFOPLIST_FILE = iOS/Info.plist;
				IPHONEOS_DEPLOYMENT_TARGET = 14.0;
				LD_RUNPATH_SEARCH_PATHS = (
					"$(inherited)",
					"@executable_path/Frameworks",
				);
				PRODUCT_BUNDLE_IDENTIFIER = "com.lintSchool.course.practice.task1-sample-project";
				PRODUCT_NAME = task1_sample_project;
				SDKROOT = iphoneos;
				SWIFT_VERSION = 5.0;
				TARGETED_DEVICE_FAMILY = "1,2";
				VALIDATE_PRODUCT = YES;
			};
			name = Release;
		};
		4F85525326D16DC800FDEB3D /* Debug */ = {
			isa = XCBuildConfiguration;
			buildSettings = {
				ASSETCATALOG_COMPILER_APPICON_NAME = AppIcon;
				ASSETCATALOG_COMPILER_GLOBAL_ACCENT_COLOR_NAME = AccentColor;
				CODE_SIGN_ENTITLEMENTS = macOS/macOS.entitlements;
				CODE_SIGN_STYLE = Automatic;
				COMBINE_HIDPI_IMAGES = YES;
				DEVELOPMENT_TEAM = TWGW3756JC;
				ENABLE_HARDENED_RUNTIME = YES;
				ENABLE_PREVIEWS = YES;
				INFOPLIST_FILE = macOS/Info.plist;
				LD_RUNPATH_SEARCH_PATHS = (
					"$(inherited)",
					"@executable_path/../Frameworks",
				);
				MACOSX_DEPLOYMENT_TARGET = 11.0;
				PRODUCT_BUNDLE_IDENTIFIER = "com.lintSchool.course.practice.task1-sample-project";
				PRODUCT_NAME = task1_sample_project;
				SDKROOT = macosx;
				SWIFT_VERSION = 5.0;
			};
			name = Debug;
		};
		4F85525426D16DC800FDEB3D /* Release */ = {
			isa = XCBuildConfiguration;
			buildSettings = {
				ASSETCATALOG_COMPILER_APPICON_NAME = AppIcon;
				ASSETCATALOG_COMPILER_GLOBAL_ACCENT_COLOR_NAME = AccentColor;
				CODE_SIGN_ENTITLEMENTS = macOS/macOS.entitlements;
				CODE_SIGN_STYLE = Automatic;
				COMBINE_HIDPI_IMAGES = YES;
				DEVELOPMENT_TEAM = TWGW3756JC;
				ENABLE_HARDENED_RUNTIME = YES;
				ENABLE_PREVIEWS = YES;
				INFOPLIST_FILE = macOS/Info.plist;
				LD_RUNPATH_SEARCH_PATHS = (
					"$(inherited)",
					"@executable_path/../Frameworks",
				);
				MACOSX_DEPLOYMENT_TARGET = 11.0;
				PRODUCT_BUNDLE_IDENTIFIER = "com.lintSchool.course.practice.task1-sample-project";
				PRODUCT_NAME = task1_sample_project;
				SDKROOT = macosx;
				SWIFT_VERSION = 5.0;
			};
			name = Release;
		};
/* End XCBuildConfiguration section */

/* Begin XCConfigurationList section */
		4F85523226D16DC600FDEB3D /* Build configuration list for PBXProject "task1_sample_project" */ = {
			isa = XCConfigurationList;
			buildConfigurations = (
				4F85524D26D16DC800FDEB3D /* Debug */,
				4F85524E26D16DC800FDEB3D /* Release */,
			);
			defaultConfigurationIsVisible = 0;
			defaultConfigurationName = Release;
		};
		4F85524F26D16DC800FDEB3D /* Build configuration list for PBXNativeTarget "task1_sample_project (iOS)" */ = {
			isa = XCConfigurationList;
			buildConfigurations = (
				4F85525026D16DC800FDEB3D /* Debug */,
				4F85525126D16DC800FDEB3D /* Release */,
			);
			defaultConfigurationIsVisible = 0;
			defaultConfigurationName = Release;
		};
		4F85525226D16DC800FDEB3D /* Build configuration list for PBXNativeTarget "task1_sample_project (macOS)" */ = {
			isa = XCConfigurationList;
			buildConfigurations = (
				4F85525326D16DC800FDEB3D /* Debug */,
				4F85525426D16DC800FDEB3D /* Release */,
			);
			defaultConfigurationIsVisible = 0;
			defaultConfigurationName = Release;
		};
/* End XCConfigurationList section */
	};
	rootObject = 4F85522F26D16DC600FDEB3D /* Project object */;
}
